
Microsoft Visual Studio Solution File, Format Version 12.00
# Visual Studio Version 16
VisualStudioVersion = 16.0.31605.320
MinimumVisualStudioVersion = 10.0.40219.1
Project("{FAE04EC0-301F-11D3-BF4B-00C04F79EFBC}") = "SwipesCollectionManagement.Service", "SwipesCollectionManagement.Service\SwipesCollectionManagement.Service.csproj", "{E239872F-9768-47FA-BAA1-8EE7B745F63B}"
EndProject
Project("{FAE04EC0-301F-11D3-BF4B-00C04F79EFBC}") = "SwipesCollectionManagement.DAL", "SwipesCollectionManagement.DAL\SwipesCollectionManagement.DAL.csproj", "{267CCA5D-3435-41AF-B5FF-4C6FF133B1A7}"
EndProject
Project("{FAE04EC0-301F-11D3-BF4B-00C04F79EFBC}") = "SwipesCollectionManagement.UI", "SwipesCollectionManagement.UI\SwipesCollectionManagement.UI.csproj", "{ED1E4412-F2D3-463D-80A0-0B3353ACFA48}"
EndProject
Global
	GlobalSection(SolutionConfigurationPlatforms) = preSolution
		Debug|Any CPU = Debug|Any CPU
		Release|Any CPU = Release|Any CPU
	EndGlobalSection
	GlobalSection(ProjectConfigurationPlatforms) = postSolution
		{E239872F-9768-47FA-BAA1-8EE7B745F63B}.Debug|Any CPU.ActiveCfg = Debug|Any CPU
		{E239872F-9768-47FA-BAA1-8EE7B745F63B}.Debug|Any CPU.Build.0 = Debug|Any CPU
		{E239872F-9768-47FA-BAA1-8EE7B745F63B}.Release|Any CPU.ActiveCfg = Release|Any CPU
		{E239872F-9768-47FA-BAA1-8EE7B745F63B}.Release|Any CPU.Build.0 = Release|Any CPU
		{267CCA5D-3435-41AF-B5FF-4C6FF133B1A7}.Debug|Any CPU.ActiveCfg = Debug|Any CPU
		{267CCA5D-3435-41AF-B5FF-4C6FF133B1A7}.Debug|Any CPU.Build.0 = Debug|Any CPU
		{267CCA5D-3435-41AF-B5FF-4C6FF133B1A7}.Release|Any CPU.ActiveCfg = Release|Any CPU
		{267CCA5D-3435-41AF-B5FF-4C6FF133B1A7}.Release|Any CPU.Build.0 = Release|Any CPU
		{ED1E4412-F2D3-463D-80A0-0B3353ACFA48}.Debug|Any CPU.ActiveCfg = Debug|Any CPU
		{ED1E4412-F2D3-463D-80A0-0B3353ACFA48}.Debug|Any CPU.Build.0 = Debug|Any CPU
		{ED1E4412-F2D3-463D-80A0-0B3353ACFA48}.Release|Any CPU.ActiveCfg = Release|Any CPU
		{ED1E4412-F2D3-463D-80A0-0B3353ACFA48}.Release|Any CPU.Build.0 = Release|Any CPU
	EndGlobalSection
	GlobalSection(SolutionProperties) = preSolution
		HideSolutionNode = FALSE
	EndGlobalSection
	GlobalSection(ExtensibilityGlobals) = postSolution
		SolutionGuid = {4803AA11-26D9-4353-B5A8-4E9B6188A9FF}
	EndGlobalSection
EndGlobal
